
Microsoft Visual Studio Solution File, Format Version 12.00
# Visual Studio Version 16
VisualStudioVersion = 16.0.810.21
MinimumVisualStudioVersion = 10.0.40219.1
Project("{FAE04EC0-301F-11D3-BF4B-00C04F79EFBC}") = "KirillOOP", "KirillOOP\KirillOOP.csproj", "{616799E8-349F-46DC-8D9C-CBDF33DA5FB4}"
EndProject
Global
	GlobalSection(SolutionConfigurationPlatforms) = preSolution
		Debug|anycpu = Debug|anycpu
		Release|anycpu = Release|anycpu
	EndGlobalSection
	GlobalSection(ProjectConfigurationPlatforms) = postSolution
		{616799E8-349F-46DC-8D9C-CBDF33DA5FB4}.Debug|anycpu.ActiveCfg = Debug|anycpu
		{616799E8-349F-46DC-8D9C-CBDF33DA5FB4}.Debug|anycpu.Build.0 = Debug|anycpu
		{616799E8-349F-46DC-8D9C-CBDF33DA5FB4}.Release|anycpu.ActiveCfg = Release|anycpu
		{616799E8-349F-46DC-8D9C-CBDF33DA5FB4}.Release|anycpu.Build.0 = Release|anycpu
	EndGlobalSection
	GlobalSection(SolutionProperties) = preSolution
		HideSolutionNode = FALSE
	EndGlobalSection
	GlobalSection(ExtensibilityGlobals) = postSolution
		SolutionGuid = {751DD0BB-A575-4A06-974A-BAF3C275AE44}
	EndGlobalSection
EndGlobal
